// !$*UTF8*$!
{
	archiveVersion = 1;
	classes = {
	};
	objectVersion = 51;
	objects = {

/* Begin PBXBuildFile section */
		29762394F2EC43C9308B0597 /* Pods_TestGame.framework in Frameworks */ = {isa = PBXBuildFile; fileRef = D6BC8021F073F0BD94549998 /* Pods_TestGame.framework */; };
		3A22F7CE229865BA003D60CC /* User.swift in Sources */ = {isa = PBXBuildFile; fileRef = 3A22F7CD229865BA003D60CC /* User.swift */; };
		3A22F7D022986D77003D60CC /* MapVC.swift in Sources */ = {isa = PBXBuildFile; fileRef = 3A22F7CF22986D77003D60CC /* MapVC.swift */; };
		3A22F7D2229870D4003D60CC /* UserVC.swift in Sources */ = {isa = PBXBuildFile; fileRef = 3A22F7D1229870D4003D60CC /* UserVC.swift */; };
		3A22F7D422988E78003D60CC /* EnemyAnnotation.swift in Sources */ = {isa = PBXBuildFile; fileRef = 3A22F7D322988E78003D60CC /* EnemyAnnotation.swift */; };
		3A22F7D622988F58003D60CC /* Enemy.swift in Sources */ = {isa = PBXBuildFile; fileRef = 3A22F7D522988F58003D60CC /* Enemy.swift */; };
		3A3A5C8B229DE688009496E2 /* ButtonNode.swift in Sources */ = {isa = PBXBuildFile; fileRef = 3A3A5C8A229DE688009496E2 /* ButtonNode.swift */; };
		3A3D9072229F10530018C2F9 /* cms_annotation.png in Resources */ = {isa = PBXBuildFile; fileRef = 3A3D906E229F10520018C2F9 /* cms_annotation.png */; };
		3A3D9073229F10530018C2F9 /* cms.png in Resources */ = {isa = PBXBuildFile; fileRef = 3A3D906F229F10520018C2F9 /* cms.png */; };
		3A3D9074229F10530018C2F9 /* aegis_annotation.png in Resources */ = {isa = PBXBuildFile; fileRef = 3A3D9070229F10520018C2F9 /* aegis_annotation.png */; };
		3A3D9075229F10530018C2F9 /* aegis.png in Resources */ = {isa = PBXBuildFile; fileRef = 3A3D9071229F10520018C2F9 /* aegis.png */; };
		3A3D9077229F13A30018C2F9 /* GoogleService-Info.plist in Resources */ = {isa = PBXBuildFile; fileRef = 3A3D9076229F13A20018C2F9 /* GoogleService-Info.plist */; };
		3A97A9DE22970A9100665DB4 /* AppDelegate.swift in Sources */ = {isa = PBXBuildFile; fileRef = 3A97A9DD22970A9100665DB4 /* AppDelegate.swift */; };
		3A97A9E022970A9100665DB4 /* GameScene.sks in Resources */ = {isa = PBXBuildFile; fileRef = 3A97A9DF22970A9100665DB4 /* GameScene.sks */; };
		3A97A9E222970A9100665DB4 /* Actions.sks in Resources */ = {isa = PBXBuildFile; fileRef = 3A97A9E122970A9100665DB4 /* Actions.sks */; };
		3A97A9E422970A9100665DB4 /* GameScene.swift in Sources */ = {isa = PBXBuildFile; fileRef = 3A97A9E322970A9100665DB4 /* GameScene.swift */; };
		3A97A9E622970A9100665DB4 /* GameViewController.swift in Sources */ = {isa = PBXBuildFile; fileRef = 3A97A9E522970A9100665DB4 /* GameViewController.swift */; };
		3A97A9E922970A9100665DB4 /* Main.storyboard in Resources */ = {isa = PBXBuildFile; fileRef = 3A97A9E722970A9100665DB4 /* Main.storyboard */; };
		3A97A9EB22970A9300665DB4 /* Assets.xcassets in Resources */ = {isa = PBXBuildFile; fileRef = 3A97A9EA22970A9300665DB4 /* Assets.xcassets */; };
		3A97A9EE22970A9300665DB4 /* LaunchScreen.storyboard in Resources */ = {isa = PBXBuildFile; fileRef = 3A97A9EC22970A9300665DB4 /* LaunchScreen.storyboard */; };
		3A97A9F922970A9300665DB4 /* TestGameTests.swift in Sources */ = {isa = PBXBuildFile; fileRef = 3A97A9F822970A9300665DB4 /* TestGameTests.swift */; };
		3A97AA0422970A9300665DB4 /* TestGameUITests.swift in Sources */ = {isa = PBXBuildFile; fileRef = 3A97AA0322970A9300665DB4 /* TestGameUITests.swift */; };
		3A97AA522297293700665DB4 /* LoginVC.swift in Sources */ = {isa = PBXBuildFile; fileRef = 3A97AA512297293700665DB4 /* LoginVC.swift */; };
		3A97AA5422972DDF00665DB4 /* TabBarVC.swift in Sources */ = {isa = PBXBuildFile; fileRef = 3A97AA5322972DDF00665DB4 /* TabBarVC.swift */; };
		3A97AA562297334B00665DB4 /* SettingsVC.swift in Sources */ = {isa = PBXBuildFile; fileRef = 3A97AA552297334B00665DB4 /* SettingsVC.swift */; };
		3A97AA58229741C500665DB4 /* SettingsTableVC.swift in Sources */ = {isa = PBXBuildFile; fileRef = 3A97AA57229741C500665DB4 /* SettingsTableVC.swift */; };
		3AD620EF22A073F700EBD164 /* HealthBarNode.swift in Sources */ = {isa = PBXBuildFile; fileRef = 3AD620EE22A073F700EBD164 /* HealthBarNode.swift */; };
/* End PBXBuildFile section */

/* Begin PBXContainerItemProxy section */
		3A97A9F522970A9300665DB4 /* PBXContainerItemProxy */ = {
			isa = PBXContainerItemProxy;
			containerPortal = 3A97A9D222970A9100665DB4 /* Project object */;
			proxyType = 1;
			remoteGlobalIDString = 3A97A9D922970A9100665DB4;
			remoteInfo = TestGame;
		};
		3A97AA0022970A9300665DB4 /* PBXContainerItemProxy */ = {
			isa = PBXContainerItemProxy;
			containerPortal = 3A97A9D222970A9100665DB4 /* Project object */;
			proxyType = 1;
			remoteGlobalIDString = 3A97A9D922970A9100665DB4;
			remoteInfo = TestGame;
		};
/* End PBXContainerItemProxy section */

/* Begin PBXFileReference section */
		3A22F7CD229865BA003D60CC /* User.swift */ = {isa = PBXFileReference; lastKnownFileType = sourcecode.swift; path = User.swift; sourceTree = "<group>"; };
		3A22F7CF22986D77003D60CC /* MapVC.swift */ = {isa = PBXFileReference; lastKnownFileType = sourcecode.swift; path = MapVC.swift; sourceTree = "<group>"; };
		3A22F7D1229870D4003D60CC /* UserVC.swift */ = {isa = PBXFileReference; lastKnownFileType = sourcecode.swift; path = UserVC.swift; sourceTree = "<group>"; };
		3A22F7D322988E78003D60CC /* EnemyAnnotation.swift */ = {isa = PBXFileReference; lastKnownFileType = sourcecode.swift; path = EnemyAnnotation.swift; sourceTree = "<group>"; };
		3A22F7D522988F58003D60CC /* Enemy.swift */ = {isa = PBXFileReference; lastKnownFileType = sourcecode.swift; path = Enemy.swift; sourceTree = "<group>"; };
		3A3A5C8A229DE688009496E2 /* ButtonNode.swift */ = {isa = PBXFileReference; lastKnownFileType = sourcecode.swift; path = ButtonNode.swift; sourceTree = "<group>"; };
		3A3D906E229F10520018C2F9 /* cms_annotation.png */ = {isa = PBXFileReference; lastKnownFileType = image.png; path = cms_annotation.png; sourceTree = "<group>"; };
		3A3D906F229F10520018C2F9 /* cms.png */ = {isa = PBXFileReference; lastKnownFileType = image.png; path = cms.png; sourceTree = "<group>"; };
		3A3D9070229F10520018C2F9 /* aegis_annotation.png */ = {isa = PBXFileReference; lastKnownFileType = image.png; path = aegis_annotation.png; sourceTree = "<group>"; };
		3A3D9071229F10520018C2F9 /* aegis.png */ = {isa = PBXFileReference; lastKnownFileType = image.png; path = aegis.png; sourceTree = "<group>"; };
		3A3D9076229F13A20018C2F9 /* GoogleService-Info.plist */ = {isa = PBXFileReference; fileEncoding = 4; lastKnownFileType = text.plist.xml; path = "GoogleService-Info.plist"; sourceTree = "<group>"; };
		3A97A9DA22970A9100665DB4 /* TestGame.app */ = {isa = PBXFileReference; explicitFileType = wrapper.application; includeInIndex = 0; path = TestGame.app; sourceTree = BUILT_PRODUCTS_DIR; };
		3A97A9DD22970A9100665DB4 /* AppDelegate.swift */ = {isa = PBXFileReference; lastKnownFileType = sourcecode.swift; path = AppDelegate.swift; sourceTree = "<group>"; };
		3A97A9DF22970A9100665DB4 /* GameScene.sks */ = {isa = PBXFileReference; lastKnownFileType = file.sks; path = GameScene.sks; sourceTree = "<group>"; };
		3A97A9E122970A9100665DB4 /* Actions.sks */ = {isa = PBXFileReference; lastKnownFileType = file.sks; path = Actions.sks; sourceTree = "<group>"; };
		3A97A9E322970A9100665DB4 /* GameScene.swift */ = {isa = PBXFileReference; lastKnownFileType = sourcecode.swift; path = GameScene.swift; sourceTree = "<group>"; };
		3A97A9E522970A9100665DB4 /* GameViewController.swift */ = {isa = PBXFileReference; lastKnownFileType = sourcecode.swift; path = GameViewController.swift; sourceTree = "<group>"; };
		3A97A9E822970A9100665DB4 /* Base */ = {isa = PBXFileReference; lastKnownFileType = file.storyboard; name = Base; path = Base.lproj/Main.storyboard; sourceTree = "<group>"; };
		3A97A9EA22970A9300665DB4 /* Assets.xcassets */ = {isa = PBXFileReference; lastKnownFileType = folder.assetcatalog; path = Assets.xcassets; sourceTree = "<group>"; };
		3A97A9ED22970A9300665DB4 /* Base */ = {isa = PBXFileReference; lastKnownFileType = file.storyboard; name = Base; path = Base.lproj/LaunchScreen.storyboard; sourceTree = "<group>"; };
		3A97A9EF22970A9300665DB4 /* Info.plist */ = {isa = PBXFileReference; lastKnownFileType = text.plist.xml; path = Info.plist; sourceTree = "<group>"; };
		3A97A9F422970A9300665DB4 /* TestGameTests.xctest */ = {isa = PBXFileReference; explicitFileType = wrapper.cfbundle; includeInIndex = 0; path = TestGameTests.xctest; sourceTree = BUILT_PRODUCTS_DIR; };
		3A97A9F822970A9300665DB4 /* TestGameTests.swift */ = {isa = PBXFileReference; lastKnownFileType = sourcecode.swift; path = TestGameTests.swift; sourceTree = "<group>"; };
		3A97A9FA22970A9300665DB4 /* Info.plist */ = {isa = PBXFileReference; lastKnownFileType = text.plist.xml; path = Info.plist; sourceTree = "<group>"; };
		3A97A9FF22970A9300665DB4 /* TestGameUITests.xctest */ = {isa = PBXFileReference; explicitFileType = wrapper.cfbundle; includeInIndex = 0; path = TestGameUITests.xctest; sourceTree = BUILT_PRODUCTS_DIR; };
		3A97AA0322970A9300665DB4 /* TestGameUITests.swift */ = {isa = PBXFileReference; lastKnownFileType = sourcecode.swift; path = TestGameUITests.swift; sourceTree = "<group>"; };
		3A97AA0522970A9300665DB4 /* Info.plist */ = {isa = PBXFileReference; lastKnownFileType = text.plist.xml; path = Info.plist; sourceTree = "<group>"; };
		3A97AA512297293700665DB4 /* LoginVC.swift */ = {isa = PBXFileReference; lastKnownFileType = sourcecode.swift; path = LoginVC.swift; sourceTree = "<group>"; };
		3A97AA5322972DDF00665DB4 /* TabBarVC.swift */ = {isa = PBXFileReference; lastKnownFileType = sourcecode.swift; path = TabBarVC.swift; sourceTree = "<group>"; };
		3A97AA552297334B00665DB4 /* SettingsVC.swift */ = {isa = PBXFileReference; lastKnownFileType = sourcecode.swift; path = SettingsVC.swift; sourceTree = "<group>"; };
		3A97AA57229741C500665DB4 /* SettingsTableVC.swift */ = {isa = PBXFileReference; lastKnownFileType = sourcecode.swift; path = SettingsTableVC.swift; sourceTree = "<group>"; };
		3AD620EE22A073F700EBD164 /* HealthBarNode.swift */ = {isa = PBXFileReference; lastKnownFileType = sourcecode.swift; path = HealthBarNode.swift; sourceTree = "<group>"; };
		AEF969C44006AE7DBE1D16A1 /* Pods-TestGame.release.xcconfig */ = {isa = PBXFileReference; includeInIndex = 1; lastKnownFileType = text.xcconfig; name = "Pods-TestGame.release.xcconfig"; path = "Target Support Files/Pods-TestGame/Pods-TestGame.release.xcconfig"; sourceTree = "<group>"; };
		D6BC8021F073F0BD94549998 /* Pods_TestGame.framework */ = {isa = PBXFileReference; explicitFileType = wrapper.framework; includeInIndex = 0; path = Pods_TestGame.framework; sourceTree = BUILT_PRODUCTS_DIR; };
		F957ABA8C8D4F3230A9330EF /* Pods-TestGame.debug.xcconfig */ = {isa = PBXFileReference; includeInIndex = 1; lastKnownFileType = text.xcconfig; name = "Pods-TestGame.debug.xcconfig"; path = "Target Support Files/Pods-TestGame/Pods-TestGame.debug.xcconfig"; sourceTree = "<group>"; };
/* End PBXFileReference section */

/* Begin PBXFrameworksBuildPhase section */
		3A97A9D722970A9100665DB4 /* Frameworks */ = {
			isa = PBXFrameworksBuildPhase;
			buildActionMask = 2147483647;
			files = (
				29762394F2EC43C9308B0597 /* Pods_TestGame.framework in Frameworks */,
			);
			runOnlyForDeploymentPostprocessing = 0;
		};
		3A97A9F122970A9300665DB4 /* Frameworks */ = {
			isa = PBXFrameworksBuildPhase;
			buildActionMask = 2147483647;
			files = (
			);
			runOnlyForDeploymentPostprocessing = 0;
		};
		3A97A9FC22970A9300665DB4 /* Frameworks */ = {
			isa = PBXFrameworksBuildPhase;
			buildActionMask = 2147483647;
			files = (
			);
			runOnlyForDeploymentPostprocessing = 0;
		};
/* End PBXFrameworksBuildPhase section */

/* Begin PBXGroup section */
		3A97A9D122970A9100665DB4 = {
			isa = PBXGroup;
			children = (
				3A97A9DC22970A9100665DB4 /* TestGame */,
				3A97A9F722970A9300665DB4 /* TestGameTests */,
				3A97AA0222970A9300665DB4 /* TestGameUITests */,
				3A97A9DB22970A9100665DB4 /* Products */,
				83DAAFBF596D71FB1785168A /* Pods */,
				50A06A1AA313793D3FA93E03 /* Frameworks */,
			);
			sourceTree = "<group>";
		};
		3A97A9DB22970A9100665DB4 /* Products */ = {
			isa = PBXGroup;
			children = (
				3A97A9DA22970A9100665DB4 /* TestGame.app */,
				3A97A9F422970A9300665DB4 /* TestGameTests.xctest */,
				3A97A9FF22970A9300665DB4 /* TestGameUITests.xctest */,
			);
			name = Products;
			sourceTree = "<group>";
		};
		3A97A9DC22970A9100665DB4 /* TestGame */ = {
			isa = PBXGroup;
			children = (
				3A97A9E722970A9100665DB4 /* Main.storyboard */,
				3A97A9DD22970A9100665DB4 /* AppDelegate.swift */,
				3A22F7CD229865BA003D60CC /* User.swift */,
				3A22F7D522988F58003D60CC /* Enemy.swift */,
				3A97AA512297293700665DB4 /* LoginVC.swift */,
				3A97AA5322972DDF00665DB4 /* TabBarVC.swift */,
				3A22F7CF22986D77003D60CC /* MapVC.swift */,
				3A22F7D322988E78003D60CC /* EnemyAnnotation.swift */,
				3A97A9E522970A9100665DB4 /* GameViewController.swift */,
				3A97A9E322970A9100665DB4 /* GameScene.swift */,
				3A3A5C8A229DE688009496E2 /* ButtonNode.swift */,
				3AD620EE22A073F700EBD164 /* HealthBarNode.swift */,
				3A97A9DF22970A9100665DB4 /* GameScene.sks */,
				3A97A9E122970A9100665DB4 /* Actions.sks */,
				3A22F7D1229870D4003D60CC /* UserVC.swift */,
				3A97AA552297334B00665DB4 /* SettingsVC.swift */,
				3A97AA57229741C500665DB4 /* SettingsTableVC.swift */,
				3A97A9EA22970A9300665DB4 /* Assets.xcassets */,
				3A97A9EC22970A9300665DB4 /* LaunchScreen.storyboard */,
				3A97A9EF22970A9300665DB4 /* Info.plist */,
				3A3D9076229F13A20018C2F9 /* GoogleService-Info.plist */,
				3A3D9070229F10520018C2F9 /* aegis_annotation.png */,
				3A3D9071229F10520018C2F9 /* aegis.png */,
				3A3D906E229F10520018C2F9 /* cms_annotation.png */,
				3A3D906F229F10520018C2F9 /* cms.png */,
			);
			path = TestGame;
			sourceTree = "<group>";
		};
		3A97A9F722970A9300665DB4 /* TestGameTests */ = {
			isa = PBXGroup;
			children = (
				3A97A9F822970A9300665DB4 /* TestGameTests.swift */,
				3A97A9FA22970A9300665DB4 /* Info.plist */,
			);
			path = TestGameTests;
			sourceTree = "<group>";
		};
		3A97AA0222970A9300665DB4 /* TestGameUITests */ = {
			isa = PBXGroup;
			children = (
				3A97AA0322970A9300665DB4 /* TestGameUITests.swift */,
				3A97AA0522970A9300665DB4 /* Info.plist */,
			);
			path = TestGameUITests;
			sourceTree = "<group>";
		};
		50A06A1AA313793D3FA93E03 /* Frameworks */ = {
			isa = PBXGroup;
			children = (
				D6BC8021F073F0BD94549998 /* Pods_TestGame.framework */,
			);
			name = Frameworks;
			sourceTree = "<group>";
		};
		83DAAFBF596D71FB1785168A /* Pods */ = {
			isa = PBXGroup;
			children = (
				F957ABA8C8D4F3230A9330EF /* Pods-TestGame.debug.xcconfig */,
				AEF969C44006AE7DBE1D16A1 /* Pods-TestGame.release.xcconfig */,
			);
			path = Pods;
			sourceTree = "<group>";
		};
/* End PBXGroup section */

/* Begin PBXNativeTarget section */
		3A97A9D922970A9100665DB4 /* TestGame */ = {
			isa = PBXNativeTarget;
			buildConfigurationList = 3A97AA0822970A9300665DB4 /* Build configuration list for PBXNativeTarget "TestGame" */;
			buildPhases = (
				05A56E762C2418AB7A853C8A /* [CP] Check Pods Manifest.lock */,
				3A97A9D622970A9100665DB4 /* Sources */,
				3A97A9D722970A9100665DB4 /* Frameworks */,
				3A97A9D822970A9100665DB4 /* Resources */,
				03B41CEC540B36C84CAFF25D /* [CP] Embed Pods Frameworks */,
			);
			buildRules = (
			);
			dependencies = (
			);
			name = TestGame;
			productName = TestGame;
			productReference = 3A97A9DA22970A9100665DB4 /* TestGame.app */;
			productType = "com.apple.product-type.application";
		};
		3A97A9F322970A9300665DB4 /* TestGameTests */ = {
			isa = PBXNativeTarget;
			buildConfigurationList = 3A97AA0B22970A9300665DB4 /* Build configuration list for PBXNativeTarget "TestGameTests" */;
			buildPhases = (
				3A97A9F022970A9300665DB4 /* Sources */,
				3A97A9F122970A9300665DB4 /* Frameworks */,
				3A97A9F222970A9300665DB4 /* Resources */,
			);
			buildRules = (
			);
			dependencies = (
				3A97A9F622970A9300665DB4 /* PBXTargetDependency */,
			);
			name = TestGameTests;
			productName = TestGameTests;
			productReference = 3A97A9F422970A9300665DB4 /* TestGameTests.xctest */;
			productType = "com.apple.product-type.bundle.unit-test";
		};
		3A97A9FE22970A9300665DB4 /* TestGameUITests */ = {
			isa = PBXNativeTarget;
			buildConfigurationList = 3A97AA0E22970A9300665DB4 /* Build configuration list for PBXNativeTarget "TestGameUITests" */;
			buildPhases = (
				3A97A9FB22970A9300665DB4 /* Sources */,
				3A97A9FC22970A9300665DB4 /* Frameworks */,
				3A97A9FD22970A9300665DB4 /* Resources */,
			);
			buildRules = (
			);
			dependencies = (
				3A97AA0122970A9300665DB4 /* PBXTargetDependency */,
			);
			name = TestGameUITests;
			productName = TestGameUITests;
			productReference = 3A97A9FF22970A9300665DB4 /* TestGameUITests.xctest */;
			productType = "com.apple.product-type.bundle.ui-testing";
		};
/* End PBXNativeTarget section */

/* Begin PBXProject section */
		3A97A9D222970A9100665DB4 /* Project object */ = {
			isa = PBXProject;
			attributes = {
				LastSwiftUpdateCheck = 1020;
				LastUpgradeCheck = 1020;
				ORGANIZATIONNAME = "Justin Vo";
				TargetAttributes = {
					3A97A9D922970A9100665DB4 = {
						CreatedOnToolsVersion = 10.2.1;
					};
					3A97A9F322970A9300665DB4 = {
						CreatedOnToolsVersion = 10.2.1;
						TestTargetID = 3A97A9D922970A9100665DB4;
					};
					3A97A9FE22970A9300665DB4 = {
						CreatedOnToolsVersion = 10.2.1;
						TestTargetID = 3A97A9D922970A9100665DB4;
					};
				};
			};
			buildConfigurationList = 3A97A9D522970A9100665DB4 /* Build configuration list for PBXProject "TestGame" */;
			compatibilityVersion = "Xcode 9.3";
			developmentRegion = en;
			hasScannedForEncodings = 0;
			knownRegions = (
				en,
				Base,
			);
			mainGroup = 3A97A9D122970A9100665DB4;
			productRefGroup = 3A97A9DB22970A9100665DB4 /* Products */;
			projectDirPath = "";
			projectRoot = "";
			targets = (
				3A97A9D922970A9100665DB4 /* TestGame */,
				3A97A9F322970A9300665DB4 /* TestGameTests */,
				3A97A9FE22970A9300665DB4 /* TestGameUITests */,
			);
		};
/* End PBXProject section */

/* Begin PBXResourcesBuildPhase section */
		3A97A9D822970A9100665DB4 /* Resources */ = {
			isa = PBXResourcesBuildPhase;
			buildActionMask = 2147483647;
			files = (
				3A97A9E922970A9100665DB4 /* Main.storyboard in Resources */,
				3A97A9E022970A9100665DB4 /* GameScene.sks in Resources */,
				3A3D9074229F10530018C2F9 /* aegis_annotation.png in Resources */,
				3A97A9EB22970A9300665DB4 /* Assets.xcassets in Resources */,
				3A97A9EE22970A9300665DB4 /* LaunchScreen.storyboard in Resources */,
				3A97A9E222970A9100665DB4 /* Actions.sks in Resources */,
				3A3D9073229F10530018C2F9 /* cms.png in Resources */,
				3A3D9077229F13A30018C2F9 /* GoogleService-Info.plist in Resources */,
				3A3D9075229F10530018C2F9 /* aegis.png in Resources */,
				3A3D9072229F10530018C2F9 /* cms_annotation.png in Resources */,
			);
			runOnlyForDeploymentPostprocessing = 0;
		};
		3A97A9F222970A9300665DB4 /* Resources */ = {
			isa = PBXResourcesBuildPhase;
			buildActionMask = 2147483647;
			files = (
			);
			runOnlyForDeploymentPostprocessing = 0;
		};
		3A97A9FD22970A9300665DB4 /* Resources */ = {
			isa = PBXResourcesBuildPhase;
			buildActionMask = 2147483647;
			files = (
			);
			runOnlyForDeploymentPostprocessing = 0;
		};
/* End PBXResourcesBuildPhase section */

/* Begin PBXShellScriptBuildPhase section */
		03B41CEC540B36C84CAFF25D /* [CP] Embed Pods Frameworks */ = {
			isa = PBXShellScriptBuildPhase;
			buildActionMask = 2147483647;
			files = (
			);
			inputFileListPaths = (
				"${PODS_ROOT}/Target Support Files/Pods-TestGame/Pods-TestGame-frameworks-${CONFIGURATION}-input-files.xcfilelist",
			);
			name = "[CP] Embed Pods Frameworks";
			outputFileListPaths = (
				"${PODS_ROOT}/Target Support Files/Pods-TestGame/Pods-TestGame-frameworks-${CONFIGURATION}-output-files.xcfilelist",
			);
			runOnlyForDeploymentPostprocessing = 0;
			shellPath = /bin/sh;
			shellScript = "\"${PODS_ROOT}/Target Support Files/Pods-TestGame/Pods-TestGame-frameworks.sh\"\n";
			showEnvVarsInLog = 0;
		};
		05A56E762C2418AB7A853C8A /* [CP] Check Pods Manifest.lock */ = {
			isa = PBXShellScriptBuildPhase;
			buildActionMask = 2147483647;
			files = (
			);
			inputFileListPaths = (
			);
			inputPaths = (
				"${PODS_PODFILE_DIR_PATH}/Podfile.lock",
				"${PODS_ROOT}/Manifest.lock",
			);
			name = "[CP] Check Pods Manifest.lock";
			outputFileListPaths = (
			);
			outputPaths = (
				"$(DERIVED_FILE_DIR)/Pods-TestGame-checkManifestLockResult.txt",
			);
			runOnlyForDeploymentPostprocessing = 0;
			shellPath = /bin/sh;
			shellScript = "diff \"${PODS_PODFILE_DIR_PATH}/Podfile.lock\" \"${PODS_ROOT}/Manifest.lock\" > /dev/null\nif [ $? != 0 ] ; then\n    # print error to STDERR\n    echo \"error: The sandbox is not in sync with the Podfile.lock. Run 'pod install' or update your CocoaPods installation.\" >&2\n    exit 1\nfi\n# This output is used by Xcode 'outputs' to avoid re-running this script phase.\necho \"SUCCESS\" > \"${SCRIPT_OUTPUT_FILE_0}\"\n";
			showEnvVarsInLog = 0;
		};
/* End PBXShellScriptBuildPhase section */

/* Begin PBXSourcesBuildPhase section */
		3A97A9D622970A9100665DB4 /* Sources */ = {
			isa = PBXSourcesBuildPhase;
			buildActionMask = 2147483647;
			files = (
				3A22F7D422988E78003D60CC /* EnemyAnnotation.swift in Sources */,
				3A97A9E422970A9100665DB4 /* GameScene.swift in Sources */,
				3A22F7D2229870D4003D60CC /* UserVC.swift in Sources */,
				3A97A9E622970A9100665DB4 /* GameViewController.swift in Sources */,
				3A97AA5422972DDF00665DB4 /* TabBarVC.swift in Sources */,
				3AD620EF22A073F700EBD164 /* HealthBarNode.swift in Sources */,
				3A97AA522297293700665DB4 /* LoginVC.swift in Sources */,
				3A22F7CE229865BA003D60CC /* User.swift in Sources */,
				3A97AA58229741C500665DB4 /* SettingsTableVC.swift in Sources */,
				3A22F7D622988F58003D60CC /* Enemy.swift in Sources */,
				3A97A9DE22970A9100665DB4 /* AppDelegate.swift in Sources */,
				3A22F7D022986D77003D60CC /* MapVC.swift in Sources */,
				3A97AA562297334B00665DB4 /* SettingsVC.swift in Sources */,
				3A3A5C8B229DE688009496E2 /* ButtonNode.swift in Sources */,
			);
			runOnlyForDeploymentPostprocessing = 0;
		};
		3A97A9F022970A9300665DB4 /* Sources */ = {
			isa = PBXSourcesBuildPhase;
			buildActionMask = 2147483647;
			files = (
				3A97A9F922970A9300665DB4 /* TestGameTests.swift in Sources */,
			);
			runOnlyForDeploymentPostprocessing = 0;
		};
		3A97A9FB22970A9300665DB4 /* Sources */ = {
			isa = PBXSourcesBuildPhase;
			buildActionMask = 2147483647;
			files = (
				3A97AA0422970A9300665DB4 /* TestGameUITests.swift in Sources */,
			);
			runOnlyForDeploymentPostprocessing = 0;
		};
/* End PBXSourcesBuildPhase section */

/* Begin PBXTargetDependency section */
		3A97A9F622970A9300665DB4 /* PBXTargetDependency */ = {
			isa = PBXTargetDependency;
			target = 3A97A9D922970A9100665DB4 /* TestGame */;
			targetProxy = 3A97A9F522970A9300665DB4 /* PBXContainerItemProxy */;
		};
		3A97AA0122970A9300665DB4 /* PBXTargetDependency */ = {
			isa = PBXTargetDependency;
			target = 3A97A9D922970A9100665DB4 /* TestGame */;
			targetProxy = 3A97AA0022970A9300665DB4 /* PBXContainerItemProxy */;
		};
/* End PBXTargetDependency section */

/* Begin PBXVariantGroup section */
		3A97A9E722970A9100665DB4 /* Main.storyboard */ = {
			isa = PBXVariantGroup;
			children = (
				3A97A9E822970A9100665DB4 /* Base */,
			);
			name = Main.storyboard;
			sourceTree = "<group>";
		};
		3A97A9EC22970A9300665DB4 /* LaunchScreen.storyboard */ = {
			isa = PBXVariantGroup;
			children = (
				3A97A9ED22970A9300665DB4 /* Base */,
			);
			name = LaunchScreen.storyboard;
			sourceTree = "<group>";
		};
/* End PBXVariantGroup section */

/* Begin XCBuildConfiguration section */
		3A97AA0622970A9300665DB4 /* Debug */ = {
			isa = XCBuildConfiguration;
			buildSettings = {
				ALWAYS_SEARCH_USER_PATHS = NO;
				CLANG_ANALYZER_NONNULL = YES;
				CLANG_ANALYZER_NUMBER_OBJECT_CONVERSION = YES_AGGRESSIVE;
				CLANG_CXX_LANGUAGE_STANDARD = "gnu++14";
				CLANG_CXX_LIBRARY = "libc++";
				CLANG_ENABLE_MODULES = YES;
				CLANG_ENABLE_OBJC_ARC = YES;
				CLANG_ENABLE_OBJC_WEAK = YES;
				CLANG_WARN_BLOCK_CAPTURE_AUTORELEASING = YES;
				CLANG_WARN_BOOL_CONVERSION = YES;
				CLANG_WARN_COMMA = YES;
				CLANG_WARN_CONSTANT_CONVERSION = YES;
				CLANG_WARN_DEPRECATED_OBJC_IMPLEMENTATIONS = YES;
				CLANG_WARN_DIRECT_OBJC_ISA_USAGE = YES_ERROR;
				CLANG_WARN_DOCUMENTATION_COMMENTS = YES;
				CLANG_WARN_EMPTY_BODY = YES;
				CLANG_WARN_ENUM_CONVERSION = YES;
				CLANG_WARN_INFINITE_RECURSION = YES;
				CLANG_WARN_INT_CONVERSION = YES;
				CLANG_WARN_NON_LITERAL_NULL_CONVERSION = YES;
				CLANG_WARN_OBJC_IMPLICIT_RETAIN_SELF = YES;
				CLANG_WARN_OBJC_LITERAL_CONVERSION = YES;
				CLANG_WARN_OBJC_ROOT_CLASS = YES_ERROR;
				CLANG_WARN_RANGE_LOOP_ANALYSIS = YES;
				CLANG_WARN_STRICT_PROTOTYPES = YES;
				CLANG_WARN_SUSPICIOUS_MOVE = YES;
				CLANG_WARN_UNGUARDED_AVAILABILITY = YES_AGGRESSIVE;
				CLANG_WARN_UNREACHABLE_CODE = YES;
				CLANG_WARN__DUPLICATE_METHOD_MATCH = YES;
				CODE_SIGN_IDENTITY = "iPhone Developer";
				COPY_PHASE_STRIP = NO;
				DEBUG_INFORMATION_FORMAT = dwarf;
				ENABLE_STRICT_OBJC_MSGSEND = YES;
				ENABLE_TESTABILITY = YES;
				GCC_C_LANGUAGE_STANDARD = gnu11;
				GCC_DYNAMIC_NO_PIC = NO;
				GCC_NO_COMMON_BLOCKS = YES;
				GCC_OPTIMIZATION_LEVEL = 0;
				GCC_PREPROCESSOR_DEFINITIONS = (
					"DEBUG=1",
					"$(inherited)",
				);
				GCC_WARN_64_TO_32_BIT_CONVERSION = YES;
				GCC_WARN_ABOUT_RETURN_TYPE = YES_ERROR;
				GCC_WARN_UNDECLARED_SELECTOR = YES;
				GCC_WARN_UNINITIALIZED_AUTOS = YES_AGGRESSIVE;
				GCC_WARN_UNUSED_FUNCTION = YES;
				GCC_WARN_UNUSED_VARIABLE = YES;
				IPHONEOS_DEPLOYMENT_TARGET = 12.2;
				MTL_ENABLE_DEBUG_INFO = INCLUDE_SOURCE;
				MTL_FAST_MATH = YES;
				ONLY_ACTIVE_ARCH = YES;
				SDKROOT = iphoneos;
				SWIFT_ACTIVE_COMPILATION_CONDITIONS = DEBUG;
				SWIFT_OPTIMIZATION_LEVEL = "-Onone";
			};
			name = Debug;
		};
		3A97AA0722970A9300665DB4 /* Release */ = {
			isa = XCBuildConfiguration;
			buildSettings = {
				ALWAYS_SEARCH_USER_PATHS = NO;
				CLANG_ANALYZER_NONNULL = YES;
				CLANG_ANALYZER_NUMBER_OBJECT_CONVERSION = YES_AGGRESSIVE;
				CLANG_CXX_LANGUAGE_STANDARD = "gnu++14";
				CLANG_CXX_LIBRARY = "libc++";
				CLANG_ENABLE_MODULES = YES;
				CLANG_ENABLE_OBJC_ARC = YES;
				CLANG_ENABLE_OBJC_WEAK = YES;
				CLANG_WARN_BLOCK_CAPTURE_AUTORELEASING = YES;
				CLANG_WARN_BOOL_CONVERSION = YES;
				CLANG_WARN_COMMA = YES;
				CLANG_WARN_CONSTANT_CONVERSION = YES;
				CLANG_WARN_DEPRECATED_OBJC_IMPLEMENTATIONS = YES;
				CLANG_WARN_DIRECT_OBJC_ISA_USAGE = YES_ERROR;
				CLANG_WARN_DOCUMENTATION_COMMENTS = YES;
				CLANG_WARN_EMPTY_BODY = YES;
				CLANG_WARN_ENUM_CONVERSION = YES;
				CLANG_WARN_INFINITE_RECURSION = YES;
				CLANG_WARN_INT_CONVERSION = YES;
				CLANG_WARN_NON_LITERAL_NULL_CONVERSION = YES;
				CLANG_WARN_OBJC_IMPLICIT_RETAIN_SELF = YES;
				CLANG_WARN_OBJC_LITERAL_CONVERSION = YES;
				CLANG_WARN_OBJC_ROOT_CLASS = YES_ERROR;
				CLANG_WARN_RANGE_LOOP_ANALYSIS = YES;
				CLANG_WARN_STRICT_PROTOTYPES = YES;
				CLANG_WARN_SUSPICIOUS_MOVE = YES;
				CLANG_WARN_UNGUARDED_AVAILABILITY = YES_AGGRESSIVE;
				CLANG_WARN_UNREACHABLE_CODE = YES;
				CLANG_WARN__DUPLICATE_METHOD_MATCH = YES;
				CODE_SIGN_IDENTITY = "iPhone Developer";
				COPY_PHASE_STRIP = NO;
				DEBUG_INFORMATION_FORMAT = "dwarf-with-dsym";
				ENABLE_NS_ASSERTIONS = NO;
				ENABLE_STRICT_OBJC_MSGSEND = YES;
				GCC_C_LANGUAGE_STANDARD = gnu11;
				GCC_NO_COMMON_BLOCKS = YES;
				GCC_WARN_64_TO_32_BIT_CONVERSION = YES;
				GCC_WARN_ABOUT_RETURN_TYPE = YES_ERROR;
				GCC_WARN_UNDECLARED_SELECTOR = YES;
				GCC_WARN_UNINITIALIZED_AUTOS = YES_AGGRESSIVE;
				GCC_WARN_UNUSED_FUNCTION = YES;
				GCC_WARN_UNUSED_VARIABLE = YES;
				IPHONEOS_DEPLOYMENT_TARGET = 12.2;
				MTL_ENABLE_DEBUG_INFO = NO;
				MTL_FAST_MATH = YES;
				SDKROOT = iphoneos;
				SWIFT_COMPILATION_MODE = wholemodule;
				SWIFT_OPTIMIZATION_LEVEL = "-O";
				VALIDATE_PRODUCT = YES;
			};
			name = Release;
		};
		3A97AA0922970A9300665DB4 /* Debug */ = {
			isa = XCBuildConfiguration;
			baseConfigurationReference = F957ABA8C8D4F3230A9330EF /* Pods-TestGame.debug.xcconfig */;
			buildSettings = {
				ASSETCATALOG_COMPILER_APPICON_NAME = AppIcon;
				CODE_SIGN_STYLE = Automatic;
				INFOPLIST_FILE = TestGame/Info.plist;
				LD_RUNPATH_SEARCH_PATHS = (
					"$(inherited)",
					"@executable_path/Frameworks",
				);
				PRODUCT_BUNDLE_IDENTIFIER = edu.umd.juvo1998.TestGame;
				PRODUCT_NAME = "$(TARGET_NAME)";
				SWIFT_VERSION = 5.0;
				TARGETED_DEVICE_FAMILY = "1,2";
			};
			name = Debug;
		};
		3A97AA0A22970A9300665DB4 /* Release */ = {
			isa = XCBuildConfiguration;
			baseConfigurationReference = AEF969C44006AE7DBE1D16A1 /* Pods-TestGame.release.xcconfig */;
			buildSettings = {
				ASSETCATALOG_COMPILER_APPICON_NAME = AppIcon;
				CODE_SIGN_STYLE = Automatic;
				INFOPLIST_FILE = TestGame/Info.plist;
				LD_RUNPATH_SEARCH_PATHS = (
					"$(inherited)",
					"@executable_path/Frameworks",
				);
				PRODUCT_BUNDLE_IDENTIFIER = edu.umd.juvo1998.TestGame;
				PRODUCT_NAME = "$(TARGET_NAME)";
				SWIFT_VERSION = 5.0;
				TARGETED_DEVICE_FAMILY = "1,2";
			};
			name = Release;
		};
		3A97AA0C22970A9300665DB4 /* Debug */ = {
			isa = XCBuildConfiguration;
			buildSettings = {
				ALWAYS_EMBED_SWIFT_STANDARD_LIBRARIES = YES;
				BUNDLE_LOADER = "$(TEST_HOST)";
				CODE_SIGN_STYLE = Automatic;
				INFOPLIST_FILE = TestGameTests/Info.plist;
				LD_RUNPATH_SEARCH_PATHS = (
					"$(inherited)",
					"@executable_path/Frameworks",
					"@loader_path/Frameworks",
				);
				PRODUCT_BUNDLE_IDENTIFIER = edu.umd.juvo1998.TestGameTests;
				PRODUCT_NAME = "$(TARGET_NAME)";
				SWIFT_VERSION = 5.0;
				TARGETED_DEVICE_FAMILY = "1,2";
				TEST_HOST = "$(BUILT_PRODUCTS_DIR)/TestGame.app/TestGame";
			};
			name = Debug;
		};
		3A97AA0D22970A9300665DB4 /* Release */ = {
			isa = XCBuildConfiguration;
			buildSettings = {
				ALWAYS_EMBED_SWIFT_STANDARD_LIBRARIES = YES;
				BUNDLE_LOADER = "$(TEST_HOST)";
				CODE_SIGN_STYLE = Automatic;
				INFOPLIST_FILE = TestGameTests/Info.plist;
				LD_RUNPATH_SEARCH_PATHS = (
					"$(inherited)",
					"@executable_path/Frameworks",
					"@loader_path/Frameworks",
				);
				PRODUCT_BUNDLE_IDENTIFIER = edu.umd.juvo1998.TestGameTests;
				PRODUCT_NAME = "$(TARGET_NAME)";
				SWIFT_VERSION = 5.0;
				TARGETED_DEVICE_FAMILY = "1,2";
				TEST_HOST = "$(BUILT_PRODUCTS_DIR)/TestGame.app/TestGame";
			};
			name = Release;
		};
		3A97AA0F22970A9300665DB4 /* Debug */ = {
			isa = XCBuildConfiguration;
			buildSettings = {
				ALWAYS_EMBED_SWIFT_STANDARD_LIBRARIES = YES;
				CODE_SIGN_STYLE = Automatic;
				INFOPLIST_FILE = TestGameUITests/Info.plist;
				LD_RUNPATH_SEARCH_PATHS = (
					"$(inherited)",
					"@executable_path/Frameworks",
					"@loader_path/Frameworks",
				);
				PRODUCT_BUNDLE_IDENTIFIER = edu.umd.juvo1998.TestGameUITests;
				PRODUCT_NAME = "$(TARGET_NAME)";
				SWIFT_VERSION = 5.0;
				TARGETED_DEVICE_FAMILY = "1,2";
				TEST_TARGET_NAME = TestGame;
			};
			name = Debug;
		};
		3A97AA1022970A9300665DB4 /* Release */ = {
			isa = XCBuildConfiguration;
			buildSettings = {
				ALWAYS_EMBED_SWIFT_STANDARD_LIBRARIES = YES;
				CODE_SIGN_STYLE = Automatic;
				INFOPLIST_FILE = TestGameUITests/Info.plist;
				LD_RUNPATH_SEARCH_PATHS = (
					"$(inherited)",
					"@executable_path/Frameworks",
					"@loader_path/Frameworks",
				);
				PRODUCT_BUNDLE_IDENTIFIER = edu.umd.juvo1998.TestGameUITests;
				PRODUCT_NAME = "$(TARGET_NAME)";
				SWIFT_VERSION = 5.0;
				TARGETED_DEVICE_FAMILY = "1,2";
				TEST_TARGET_NAME = TestGame;
			};
			name = Release;
		};
/* End XCBuildConfiguration section */

/* Begin XCConfigurationList section */
		3A97A9D522970A9100665DB4 /* Build configuration list for PBXProject "TestGame" */ = {
			isa = XCConfigurationList;
			buildConfigurations = (
				3A97AA0622970A9300665DB4 /* Debug */,
				3A97AA0722970A9300665DB4 /* Release */,
			);
			defaultConfigurationIsVisible = 0;
			defaultConfigurationName = Release;
		};
		3A97AA0822970A9300665DB4 /* Build configuration list for PBXNativeTarget "TestGame" */ = {
			isa = XCConfigurationList;
			buildConfigurations = (
				3A97AA0922970A9300665DB4 /* Debug */,
				3A97AA0A22970A9300665DB4 /* Release */,
			);
			defaultConfigurationIsVisible = 0;
			defaultConfigurationName = Release;
		};
		3A97AA0B22970A9300665DB4 /* Build configuration list for PBXNativeTarget "TestGameTests" */ = {
			isa = XCConfigurationList;
			buildConfigurations = (
				3A97AA0C22970A9300665DB4 /* Debug */,
				3A97AA0D22970A9300665DB4 /* Release */,
			);
			defaultConfigurationIsVisible = 0;
			defaultConfigurationName = Release;
		};
		3A97AA0E22970A9300665DB4 /* Build configuration list for PBXNativeTarget "TestGameUITests" */ = {
			isa = XCConfigurationList;
			buildConfigurations = (
				3A97AA0F22970A9300665DB4 /* Debug */,
				3A97AA1022970A9300665DB4 /* Release */,
			);
			defaultConfigurationIsVisible = 0;
			defaultConfigurationName = Release;
		};
/* End XCConfigurationList section */
	};
	rootObject = 3A97A9D222970A9100665DB4 /* Project object */;
}
